{
  "name": "demo",
  "version": "1.0.0",
  "lockfileVersion": 1,
  "requires": true,
  "dependencies": {
    "@tensorflow-models/coco-ssd": {
      "version": "1.0.2",
      "resolved": "https://registry.npmjs.org/@tensorflow-models/coco-ssd/-/coco-ssd-1.0.2.tgz",
      "integrity": "sha512-WeD6cxSFac99hdf/JzzDYd4dvJVANfwfm5q2XLbCU5UNVC0Sn7eLjq9c+vPu44N9MMESD+v0QgeVEuEv6eTrwA=="
    },
    "@tensorflow-models/knn-classifier": {
      "version": "1.1.0",
      "resolved": "https://registry.npmjs.org/@tensorflow-models/knn-classifier/-/knn-classifier-1.1.0.tgz",
      "integrity": "sha512-j4wEpoFTXagQj9Nskw83c96rybAGYm3FgVIl83rIP3mS+tpYO/gRvDijycbOb0k8V1ykV9AcmPxnDw0g8rGg8Q=="
    },
    "@tensorflow-models/mobilenet": {
      "version": "1.0.1",
      "resolved": "https://registry.npmjs.org/@tensorflow-models/mobilenet/-/mobilenet-1.0.1.tgz",
      "integrity": "sha512-VaxVRCmJLK09yp2Qn/LvT29joZPT4aCBrSD4DwIkWghfJF7M/DGqxsiZSnjnUnYjzkZdNv7JCVJ4EY1PCmufQw=="
    },
    "@tensorflow/tfjs": {
      "version": "1.1.2",
      "resolved": "https://registry.npmjs.org/@tensorflow/tfjs/-/tfjs-1.1.2.tgz",
      "integrity": "sha512-b+ekLNEfMzaBszti6uGcS3pJoPNQuv1hxKEoY9Q3ix52fFJzI86nSvM1lwOcvUZy6DjPFDoyB8MO+dJHqecG5w==",
      "requires": {
        "@tensorflow/tfjs-converter": "1.1.2",
        "@tensorflow/tfjs-core": "1.1.2",
        "@tensorflow/tfjs-data": "1.1.2",
        "@tensorflow/tfjs-layers": "1.1.2"
      },
      "dependencies": {
        "@tensorflow/tfjs-core": {
          "version": "1.1.2",
          "resolved": "https://registry.npmjs.org/@tensorflow/tfjs-core/-/tfjs-core-1.1.2.tgz",
          "integrity": "sha512-xCAUIAh14OFnHt+IQUUZIH/P/jH/EWvewL0Ty6q6USUx4YZ+HvKwNw1G7h/gKki4A31BJ0avD04ylBKc75laGg==",
          "requires": {
            "@types/seedrandom": "2.4.27",
            "@types/webgl-ext": "0.0.30",
            "@types/webgl2": "0.0.4",
            "node-fetch": "~2.1.2",
            "rollup-plugin-visualizer": "~1.1.1",
            "seedrandom": "2.4.3"
          }
        }
      }
    },
    "@tensorflow/tfjs-converter": {
      "version": "1.1.2",
      "resolved": "https://registry.npmjs.org/@tensorflow/tfjs-converter/-/tfjs-converter-1.1.2.tgz",
      "integrity": "sha512-KuLIIJYzmRmtJXcjBH3inQVhTHbABj2TNAVS3ss12hzDiEE/RiRb/LZKo8XV2WczuZXTq+gxep84PWXSH/HQXA=="
    },
    "@tensorflow/tfjs-core": {
      "version": "1.2.0",
      "resolved": "https://registry.npmjs.org/@tensorflow/tfjs-core/-/tfjs-core-1.2.0.tgz",
      "integrity": "sha512-PF04HsiGiJEllwHpFTSMjoDN4M5RvzoFYwI4QHVyemDY14qz9ngCIzxSLTfCF20JEs/6j7Ep6KQLp0SKa5s61g==",
      "requires": {
        "@types/seedrandom": "2.4.27",
        "@types/webgl-ext": "0.0.30",
        "@types/webgl2": "0.0.4",
        "node-fetch": "~2.1.2",
        "rollup-plugin-visualizer": "~1.1.1",
        "seedrandom": "2.4.3"
      }
    },
    "@tensorflow/tfjs-data": {
      "version": "1.1.2",
      "resolved": "https://registry.npmjs.org/@tensorflow/tfjs-data/-/tfjs-data-1.1.2.tgz",
      "integrity": "sha512-K30QdocXd5zn3rpGbRTC4sO42q8tK1SGqDHE2IEkvYzcg0PAU3cEMODGTLjKt0z1Lfy1JKgs0FPcvazqmxpjGA==",
      "requires": {
        "@types/node-fetch": "^2.1.2",
        "node-fetch": "~2.1.2"
      }
    },
    "@tensorflow/tfjs-layers": {
      "version": "1.1.2",
      "resolved": "https://registry.npmjs.org/@tensorflow/tfjs-layers/-/tfjs-layers-1.1.2.tgz",
      "integrity": "sha512-iP9mJz/79nK+sXBWdxQkeNIqn9p+O/x3g15ntIXpEaLXOGjQEE12iKtLCWgG3qH+FltOVt5hTbAXkj/yDym1Xg=="
    },
    "@types/node": {
      "version": "12.0.7",
      "resolved": "https://registry.npmjs.org/@types/node/-/node-12.0.7.tgz",
      "integrity": "sha512-1YKeT4JitGgE4SOzyB9eMwO0nGVNkNEsm9qlIt1Lqm/tG2QEiSMTD4kS3aO6L+w5SClLVxALmIBESK6Mk5wX0A=="
    },
    "@types/node-fetch": {
      "version": "2.3.5",
      "resolved": "https://registry.npmjs.org/@types/node-fetch/-/node-fetch-2.3.5.tgz",
      "integrity": "sha512-Sh6FFmu7t4ccxKTplwKgEeg4fYWi9Ib1uVq3eSEndj6ckM6GaJnHp5mxHmMOq3JsU+lIq5I5GYCLVEpWXoAucA==",
      "requires": {
        "@types/node": "*"
      }
    },
    "@types/seedrandom": {
      "version": "2.4.27",
      "resolved": "https://registry.npmjs.org/@types/seedrandom/-/seedrandom-2.4.27.tgz",
      "integrity": "sha1-nbVjk33YaRX2kJK8QyWdL0hXjkE="
    },
    "@types/webgl-ext": {
      "version": "0.0.30",
      "resolved": "https://registry.npmjs.org/@types/webgl-ext/-/webgl-ext-0.0.30.tgz",
      "integrity": "sha512-LKVgNmBxN0BbljJrVUwkxwRYqzsAEPcZOe6S2T6ZaBDIrFp0qu4FNlpc5sM1tGbXUYFgdVQIoeLk1Y1UoblyEg=="
    },
    "@types/webgl2": {
      "version": "0.0.4",
      "resolved": "https://registry.npmjs.org/@types/webgl2/-/webgl2-0.0.4.tgz",
      "integrity": "sha512-PACt1xdErJbMUOUweSrbVM7gSIYm1vTncW2hF6Os/EeWi6TXYAYMPp+8v6rzHmypE5gHrxaxZNXgMkJVIdZpHw=="
    },
    "arg": {
      "version": "4.1.0",
      "resolved": "https://registry.npmjs.org/arg/-/arg-4.1.0.tgz",
      "integrity": "sha512-ZWc51jO3qegGkVh8Hwpv636EkbesNV5ZNQPCtRa+0qytRYPEs9IYT9qITY9buezqUH5uqyzlWLcufrzU2rffdg==",
      "dev": true
    },
    "buffer-from": {
      "version": "1.1.1",
      "resolved": "https://registry.npmjs.org/buffer-from/-/buffer-from-1.1.1.tgz",
      "integrity": "sha512-MQcXEUbCKtEo7bhqEs6560Hyd4XaovZlO/k9V3hjVUF/zwW7KBVdSK4gIt/bzwS9MbR5qob+F5jusZsb0YQK2A==",
      "dev": true
    },
    "diff": {
      "version": "4.0.1",
      "resolved": "https://registry.npmjs.org/diff/-/diff-4.0.1.tgz",
      "integrity": "sha512-s2+XdvhPCOF01LRQBC8hf4vhbVmI2CGS5aZnxLJlT5FtdhPCDFq80q++zK2KlrVorVDdL5BOGZ/VfLrVtYNF+Q==",
      "dev": true
    },
    "is-wsl": {
      "version": "1.1.0",
      "resolved": "https://registry.npmjs.org/is-wsl/-/is-wsl-1.1.0.tgz",
      "integrity": "sha1-HxbkqiKwTRM2tmGIpmrzxgDDpm0=",
      "optional": true
    },
    "make-error": {
      "version": "1.3.5",
      "resolved": "https://registry.npmjs.org/make-error/-/make-error-1.3.5.tgz",
      "integrity": "sha512-c3sIjNUow0+8swNwVpqoH4YCShKNFkMaw6oH1mNS2haDZQqkeZFlHS3dhoeEbKKmJB4vXpJucU6oH75aDYeE9g==",
      "dev": true
    },
    "minimist": {
      "version": "0.0.8",
      "resolved": "https://registry.npmjs.org/minimist/-/minimist-0.0.8.tgz",
      "integrity": "sha1-hX/Kv8M5fSYluCKCYuhqp6ARsF0=",
      "optional": true
    },
    "mkdirp": {
      "version": "0.5.1",
      "resolved": "https://registry.npmjs.org/mkdirp/-/mkdirp-0.5.1.tgz",
      "integrity": "sha1-MAV0OOrGz3+MR2fzhkjWaX11yQM=",
      "optional": true,
      "requires": {
        "minimist": "0.0.8"
      }
    },
    "node-fetch": {
      "version": "2.1.2",
      "resolved": "https://registry.npmjs.org/node-fetch/-/node-fetch-2.1.2.tgz",
      "integrity": "sha1-q4hOjn5X44qUR1POxwb3iNF2i7U="
    },
    "opn": {
      "version": "5.5.0",
      "resolved": "https://registry.npmjs.org/opn/-/opn-5.5.0.tgz",
      "integrity": "sha512-PqHpggC9bLV0VeWcdKhkpxY+3JTzetLSqTCWL/z/tFIbI6G8JCjondXklT1JinczLz2Xib62sSp0T/gKT4KksA==",
      "optional": true,
      "requires": {
        "is-wsl": "^1.1.0"
      }
    },
    "rollup-plugin-visualizer": {
      "version": "1.1.1",
      "resolved": "https://registry.npmjs.org/rollup-plugin-visualizer/-/rollup-plugin-visualizer-1.1.1.tgz",
      "integrity": "sha512-7xkSKp+dyJmSC7jg2LXqViaHuOnF1VvIFCnsZEKjrgT5ZVyiLLSbeszxFcQSfNJILphqgAEmWAUz0Z4xYScrRw==",
      "optional": true,
      "requires": {
        "mkdirp": "^0.5.1",
        "opn": "^5.4.0",
        "source-map": "^0.7.3",
        "typeface-oswald": "0.0.54"
      }
    },
    "seedrandom": {
      "version": "2.4.3",
      "resolved": "https://registry.npmjs.org/seedrandom/-/seedrandom-2.4.3.tgz",
      "integrity": "sha1-JDhQTa0zkXMUv/GKxNeU8W1qrsw="
    },
    "source-map": {
      "version": "0.7.3",
      "resolved": "https://registry.npmjs.org/source-map/-/source-map-0.7.3.tgz",
      "integrity": "sha512-CkCj6giN3S+n9qrYiBTX5gystlENnRW5jZeNLHpe6aue+SrHcG5VYwujhW9s4dY31mEGsxBDrHR6oI69fTXsaQ==",
      "optional": true
    },
    "source-map-support": {
      "version": "0.5.12",
      "resolved": "https://registry.npmjs.org/source-map-support/-/source-map-support-0.5.12.tgz",
      "integrity": "sha512-4h2Pbvyy15EE02G+JOZpUCmqWJuqrs+sEkzewTm++BPi7Hvn/HwcqLAcNxYAyI0x13CpPPn+kMjl+hplXMHITQ==",
      "dev": true,
      "requires": {
        "buffer-from": "^1.0.0",
        "source-map": "^0.6.0"
      },
      "dependencies": {
        "source-map": {
          "version": "0.6.1",
          "resolved": "https://registry.npmjs.org/source-map/-/source-map-0.6.1.tgz",
          "integrity": "sha512-UjgapumWlbMhkBgzT7Ykc5YXUT46F0iKu8SGXq0bcwP5dz/h0Plj6enJqjz1Zbq2l5WaqYnrVbwWOWMyF3F47g==",
          "dev": true
        }
      }
    },
    "ts-node": {
      "version": "8.2.0",
      "resolved": "https://registry.npmjs.org/ts-node/-/ts-node-8.2.0.tgz",
      "integrity": "sha512-m8XQwUurkbYqXrKqr3WHCW310utRNvV5OnRVeISeea7LoCWVcdfeB/Ntl8JYWFh+WRoUAdBgESrzKochQt7sMw==",
      "dev": true,
      "requires": {
        "arg": "^4.1.0",
        "diff": "^4.0.1",
        "make-error": "^1.1.1",
        "source-map-support": "^0.5.6",
        "yn": "^3.0.0"
      }
    },
    "typeface-oswald": {
      "version": "0.0.54",
      "resolved": "https://registry.npmjs.org/typeface-oswald/-/typeface-oswald-0.0.54.tgz",
      "integrity": "sha512-U1WMNp4qfy4/3khIfHMVAIKnNu941MXUfs3+H9R8PFgnoz42Hh9pboSFztWr86zut0eXC8byalmVhfkiKON/8Q==",
      "optional": true
    },
    "typescript": {
      "version": "3.5.1",
      "resolved": "https://registry.npmjs.org/typescript/-/typescript-3.5.1.tgz",
      "integrity": "sha512-64HkdiRv1yYZsSe4xC1WVgamNigVYjlssIoaH2HcZF0+ijsk5YK2g0G34w9wJkze8+5ow4STd22AynfO6ZYYLw==",
      "dev": true
    },
    "yn": {
      "version": "3.1.0",
      "resolved": "https://registry.npmjs.org/yn/-/yn-3.1.0.tgz",
      "integrity": "sha512-kKfnnYkbTfrAdd0xICNFw7Atm8nKpLcLv9AZGEt+kczL/WQVai4e2V6ZN8U/O+iI6WrNuJjNNOyu4zfhl9D3Hg==",
      "dev": true
    }
  }
}
